<?xml version="1.0" encoding="utf-8"?>
<Project ToolsVersion="4.0" xmlns="http://schemas.microsoft.com/developer/msbuild/2003">
  <ItemGroup>
    <Filter Include="Source Files">
      <UniqueIdentifier>{4FC737F1-C7A5-4376-A066-2A32D752A2FF}</UniqueIdentifier>
      <Extensions>cpp;c;cc;cxx;c++;cppm;ixx;def;odl;idl;hpj;bat;asm;asmx</Extensions>
    </Filter>
    <Filter Include="Header Files">
      <UniqueIdentifier>{93995380-89BD-4b04-88EB-625FBE52EBFB}</UniqueIdentifier>
      <Extensions>h;hh;hpp;hxx;h++;hm;inl;inc;ipp;xsd</Extensions>
    </Filter>
    <Filter Include="Resource Files">
      <UniqueIdentifier>{67DA6AB6-F800-4c08-8B7A-83BB121AAD01}</UniqueIdentifier>
      <Extensions>rc;ico;cur;bmp;dlg;rc2;rct;bin;rgs;gif;jpg;jpeg;jpe;resx;tiff;tif;png;wav;mfcribbon-ms</Extensions>
    </Filter>
    <Filter Include="Game">
      <UniqueIdentifier>{3ce1cea9-a091-4ec6-a012-0accee0dac0b}</UniqueIdentifier>
    </Filter>
    <Filter Include="Qbert">
      <UniqueIdentifier>{1f2b3822-972a-486f-a5bb-73b2bf0f9d4b}</UniqueIdentifier>
    </Filter>
    <Filter Include="Score">
      <UniqueIdentifier>{eca96881-1ad1-47ef-8dbb-758d0f5dc212}</UniqueIdentifier>
    </Filter>
    <Filter Include="Enemy">
      <UniqueIdentifier>{02e3a6d7-a04b-4449-bbf8-00f8f5779ee2}</UniqueIdentifier>
    </Filter>
  </ItemGroup>
  <ItemGroup>
    <ClCompile Include="main.cpp">
      <Filter>Source Files</Filter>
    </ClCompile>
    <ClCompile Include="LevelManager.cpp">
      <Filter>Header Files</Filter>
    </ClCompile>
    <ClCompile Include="TileComponent.cpp">
      <Filter>Header Files</Filter>
    </ClCompile>
    <ClCompile Include="Helpers.cpp">
      <Filter>Header Files</Filter>
    </ClCompile>
    <ClCompile Include="StateMachine.cpp">
      <Filter>Qbert</Filter>
    </ClCompile>
    <ClCompile Include="QbertTransitions.cpp">
      <Filter>Qbert</Filter>
    </ClCompile>
    <ClCompile Include="QbertStates.cpp">
      <Filter>Qbert</Filter>
    </ClCompile>
    <ClCompile Include="QbertComponent.cpp">
      <Filter>Qbert</Filter>
    </ClCompile>
    <ClCompile Include="QbertCommands.cpp">
      <Filter>Qbert</Filter>
    </ClCompile>
    <ClCompile Include="TileRenderComponent.cpp">
      <Filter>Header Files</Filter>
    </ClCompile>
    <ClCompile Include="ScoreObserver.cpp">
      <Filter>Score</Filter>
    </ClCompile>
    <ClCompile Include="LivesObserver.cpp">
      <Filter>Score</Filter>
    </ClCompile>
    <ClCompile Include="LivesComponent.cpp">
      <Filter>Score</Filter>
    </ClCompile>
    <ClCompile Include="ScoreComponent.cpp">
      <Filter>Score</Filter>
    </ClCompile>
    <ClCompile Include="TeleporterComponent.cpp">
      <Filter>Header Files</Filter>
    </ClCompile>
    <ClCompile Include="EnemyManager.cpp">
      <Filter>Enemy</Filter>
    </ClCompile>
    <ClCompile Include="EnemyBehaviour.cpp">
      <Filter>Enemy</Filter>
    </ClCompile>
    <ClCompile Include="EnemyComponent.cpp">
      <Filter>Enemy</Filter>
    </ClCompile>
    <ClCompile Include="UggBehaviour.cpp">
      <Filter>Enemy</Filter>
    </ClCompile>
    <ClCompile Include="SlickBehaviour.cpp">
      <Filter>Enemy</Filter>
    </ClCompile>
    <ClCompile Include="PlayerCoilyBehaviour.cpp">
      <Filter>Enemy</Filter>
    </ClCompile>
    <ClCompile Include="CoilyBehaviour.cpp">
      <Filter>Enemy</Filter>
    </ClCompile>
  </ItemGroup>
  <ItemGroup>
    <ClInclude Include="LevelManager.h">
      <Filter>Header Files</Filter>
    </ClInclude>
    <ClInclude Include="TileComponent.h">
      <Filter>Header Files</Filter>
    </ClInclude>
    <ClInclude Include="Helpers.h">
      <Filter>Header Files</Filter>
    </ClInclude>
    <ClInclude Include="QbertComponent.h">
      <Filter>Qbert</Filter>
    </ClInclude>
    <ClInclude Include="QbertCommands.h">
      <Filter>Qbert</Filter>
    </ClInclude>
    <ClInclude Include="QbertTransitions.h">
      <Filter>Qbert</Filter>
    </ClInclude>
    <ClInclude Include="QbertStates.h">
      <Filter>Qbert</Filter>
    </ClInclude>
    <ClInclude Include="StateMachine.h">
      <Filter>Qbert</Filter>
    </ClInclude>
    <ClInclude Include="EBlackboard.h">
      <Filter>Qbert</Filter>
    </ClInclude>
    <ClInclude Include="TileRenderComponent.h">
      <Filter>Header Files</Filter>
    </ClInclude>
    <ClInclude Include="ScoreObserver.h">
      <Filter>Score</Filter>
    </ClInclude>
    <ClInclude Include="LivesObserver.h">
      <Filter>Score</Filter>
    </ClInclude>
    <ClInclude Include="ScoreComponent.h">
      <Filter>Score</Filter>
    </ClInclude>
    <ClInclude Include="LivesComponent.h">
      <Filter>Score</Filter>
    </ClInclude>
    <ClInclude Include="TeleporterComponent.h">
      <Filter>Header Files</Filter>
    </ClInclude>
    <ClInclude Include="EnemyManager.h">
      <Filter>Enemy</Filter>
    </ClInclude>
    <ClInclude Include="EnemyBehaviour.h">
      <Filter>Enemy</Filter>
    </ClInclude>
    <ClInclude Include="EnemyComponent.h">
      <Filter>Enemy</Filter>
    </ClInclude>
    <ClInclude Include="UggBehaviour.h">
      <Filter>Enemy</Filter>
    </ClInclude>
    <ClInclude Include="SlickBehaviour.h">
      <Filter>Enemy</Filter>
    </ClInclude>
    <ClInclude Include="PlayerCoilyBehaviour.h">
      <Filter>Enemy</Filter>
    </ClInclude>
    <ClInclude Include="CoilyBehaviour.h">
      <Filter>Enemy</Filter>
    </ClInclude>
  </ItemGroup>
</Project>